
Microsoft Visual Studio Solution File, Format Version 12.00
# Visual Studio 15
VisualStudioVersion = 15.0.28307.168
MinimumVisualStudioVersion = 10.0.40219.1
Project("{FAE04EC0-301F-11D3-BF4B-00C04F79EFBC}") = "MaterialCutter", "MaterialCutter\MaterialCutter.csproj", "{4A41D027-253B-4BF5-973A-26426269E7BD}"
EndProject
Global
	GlobalSection(SolutionConfigurationPlatforms) = preSolution
		Debug|Any CPU = Debug|Any CPU
		Release|Any CPU = Release|Any CPU
	EndGlobalSection
	GlobalSection(ProjectConfigurationPlatforms) = postSolution
		{4A41D027-253B-4BF5-973A-26426269E7BD}.Debug|Any CPU.ActiveCfg = Debug|Any CPU
		{4A41D027-253B-4BF5-973A-26426269E7BD}.Debug|Any CPU.Build.0 = Debug|Any CPU
		{4A41D027-253B-4BF5-973A-26426269E7BD}.Release|Any CPU.ActiveCfg = Release|Any CPU
		{4A41D027-253B-4BF5-973A-26426269E7BD}.Release|Any CPU.Build.0 = Release|Any CPU
	EndGlobalSection
	GlobalSection(SolutionProperties) = preSolution
		HideSolutionNode = FALSE
	EndGlobalSection
	GlobalSection(ExtensibilityGlobals) = postSolution
		SolutionGuid = {E099A881-24E5-4990-8E30-16C48DE182FC}
	EndGlobalSection
EndGlobal
